{
  "name": "waldenses",
  "version": "1.0.0",
  "lockfileVersion": 1,
  "dependencies": {
    "inuitcss": {
      "version": "https://registry.npmjs.org/inuitcss/-/inuitcss-6.0.0-beta.4.tgz",
      "integrity": "sha1-NLjjsR4v0x3uXQxpWwUskHvdk0Y="
    },
    "open-color": {
      "version": "1.5.1",
      "resolved": "https://registry.npmjs.org/open-color/-/open-color-1.5.1.tgz",
      "integrity": "sha1-+f+ymt1+YvdVd1RfqLONJl80cEk="
    },
    "sass-mq": {
      "version": "https://registry.npmjs.org/sass-mq/-/sass-mq-3.3.1.tgz",
      "integrity": "sha1-EZn1pDtUn1y7Z7yB9fSV6/liUM4="
    }
  }
}
