{
  "name": "waldenses",
  "version": "1.0.0",
  "lockfileVersion": 1,
  "requires": true,
  "dependencies": {
    "inuitcss": {
      "version": "6.0.0-beta.4",
      "resolved": "https://registry.npmjs.org/inuitcss/-/inuitcss-6.0.0-beta.4.tgz",
      "integrity": "sha1-NLjjsR4v0x3uXQxpWwUskHvdk0Y=",
      "requires": {
        "sass-mq": "^3.2.9"
      }
    },
    "material-design-icons": {
      "version": "3.0.1",
      "resolved": "https://registry.npmjs.org/material-design-icons/-/material-design-icons-3.0.1.tgz",
      "integrity": "sha1-mnHEh0chjrylHlGmbaaCA4zct78="
    },
    "open-color": {
      "version": "1.5.1",
      "resolved": "https://registry.npmjs.org/open-color/-/open-color-1.5.1.tgz",
      "integrity": "sha1-+f+ymt1+YvdVd1RfqLONJl80cEk="
    },
    "sass-mq": {
      "version": "3.3.1",
      "resolved": "https://registry.npmjs.org/sass-mq/-/sass-mq-3.3.1.tgz",
      "integrity": "sha512-1A8D76si7YraO4hdiwLd4oFzFWv5smMlEQ6Kl0CTfXbsGFX2jiMqq/djzgTb5nPmv4cCdqyL2mPhW22rSkifTQ=="
    }
  }
}
